
Microsoft Visual Studio Solution File, Format Version 12.00
# Visual Studio 2012
Project("{FAE04EC0-301F-11D3-BF4B-00C04F79EFBC}") = "Segment_1_Pasan", "Segment_1_Pasan\Segment_1_Pasan.csproj", "{71901F76-6F3F-493B-806D-4F340C83E450}"
EndProject
Global
	GlobalSection(SolutionConfigurationPlatforms) = preSolution
		Debug|Any CPU = Debug|Any CPU
		Release|Any CPU = Release|Any CPU
	EndGlobalSection
	GlobalSection(ProjectConfigurationPlatforms) = postSolution
		{71901F76-6F3F-493B-806D-4F340C83E450}.Debug|Any CPU.ActiveCfg = Debug|Any CPU
		{71901F76-6F3F-493B-806D-4F340C83E450}.Debug|Any CPU.Build.0 = Debug|Any CPU
		{71901F76-6F3F-493B-806D-4F340C83E450}.Release|Any CPU.ActiveCfg = Release|Any CPU
		{71901F76-6F3F-493B-806D-4F340C83E450}.Release|Any CPU.Build.0 = Release|Any CPU
	EndGlobalSection
	GlobalSection(SolutionProperties) = preSolution
		HideSolutionNode = FALSE
	EndGlobalSection
EndGlobal
